
Microsoft Visual Studio Solution File, Format Version 12.00
# Visual Studio Version 17
VisualStudioVersion = 17.8.34511.84
MinimumVisualStudioVersion = 10.0.40219.1
Project("{9A19103F-16F7-4668-BE54-9A1E7A4F7556}") = "API", "API\API.csproj", "{87974B6A-5894-448F-8B61-7F049ABC1A74}"
	ProjectSection(ProjectDependencies) = postProject
		{7547AD92-323A-41CD-9756-A4BE44C329EB} = {7547AD92-323A-41CD-9756-A4BE44C329EB}
		{F2E059F6-67CF-48B5-85DC-F6B4E97EC247} = {F2E059F6-67CF-48B5-85DC-F6B4E97EC247}
	EndProjectSection
EndProject
Project("{9A19103F-16F7-4668-BE54-9A1E7A4F7556}") = "Application", "Application\Application.csproj", "{F2E059F6-67CF-48B5-85DC-F6B4E97EC247}"
	ProjectSection(ProjectDependencies) = postProject
		{535C7D09-09E3-46BB-9AC5-2F94ED95F065} = {535C7D09-09E3-46BB-9AC5-2F94ED95F065}
		{7547AD92-323A-41CD-9756-A4BE44C329EB} = {7547AD92-323A-41CD-9756-A4BE44C329EB}
	EndProjectSection
EndProject
Project("{9A19103F-16F7-4668-BE54-9A1E7A4F7556}") = "Domain", "Domain\Domain.csproj", "{535C7D09-09E3-46BB-9AC5-2F94ED95F065}"
EndProject
Project("{9A19103F-16F7-4668-BE54-9A1E7A4F7556}") = "Infrastructure", "Infrastructure\Infrastructure.csproj", "{7547AD92-323A-41CD-9756-A4BE44C329EB}"
	ProjectSection(ProjectDependencies) = postProject
		{535C7D09-09E3-46BB-9AC5-2F94ED95F065} = {535C7D09-09E3-46BB-9AC5-2F94ED95F065}
	EndProjectSection
EndProject
Global
	GlobalSection(SolutionConfigurationPlatforms) = preSolution
		Debug|Any CPU = Debug|Any CPU
		Release|Any CPU = Release|Any CPU
	EndGlobalSection
	GlobalSection(ProjectConfigurationPlatforms) = postSolution
		{87974B6A-5894-448F-8B61-7F049ABC1A74}.Debug|Any CPU.ActiveCfg = Debug|Any CPU
		{87974B6A-5894-448F-8B61-7F049ABC1A74}.Debug|Any CPU.Build.0 = Debug|Any CPU
		{87974B6A-5894-448F-8B61-7F049ABC1A74}.Release|Any CPU.ActiveCfg = Release|Any CPU
		{87974B6A-5894-448F-8B61-7F049ABC1A74}.Release|Any CPU.Build.0 = Release|Any CPU
		{F2E059F6-67CF-48B5-85DC-F6B4E97EC247}.Debug|Any CPU.ActiveCfg = Debug|Any CPU
		{F2E059F6-67CF-48B5-85DC-F6B4E97EC247}.Debug|Any CPU.Build.0 = Debug|Any CPU
		{F2E059F6-67CF-48B5-85DC-F6B4E97EC247}.Release|Any CPU.ActiveCfg = Release|Any CPU
		{F2E059F6-67CF-48B5-85DC-F6B4E97EC247}.Release|Any CPU.Build.0 = Release|Any CPU
		{535C7D09-09E3-46BB-9AC5-2F94ED95F065}.Debug|Any CPU.ActiveCfg = Debug|Any CPU
		{535C7D09-09E3-46BB-9AC5-2F94ED95F065}.Debug|Any CPU.Build.0 = Debug|Any CPU
		{535C7D09-09E3-46BB-9AC5-2F94ED95F065}.Release|Any CPU.ActiveCfg = Release|Any CPU
		{535C7D09-09E3-46BB-9AC5-2F94ED95F065}.Release|Any CPU.Build.0 = Release|Any CPU
		{7547AD92-323A-41CD-9756-A4BE44C329EB}.Debug|Any CPU.ActiveCfg = Debug|Any CPU
		{7547AD92-323A-41CD-9756-A4BE44C329EB}.Debug|Any CPU.Build.0 = Debug|Any CPU
		{7547AD92-323A-41CD-9756-A4BE44C329EB}.Release|Any CPU.ActiveCfg = Release|Any CPU
		{7547AD92-323A-41CD-9756-A4BE44C329EB}.Release|Any CPU.Build.0 = Release|Any CPU
	EndGlobalSection
	GlobalSection(SolutionProperties) = preSolution
		HideSolutionNode = FALSE
	EndGlobalSection
	GlobalSection(ExtensibilityGlobals) = postSolution
		SolutionGuid = {8436E68A-3D82-4D93-8322-105575D1A1E1}
	EndGlobalSection
EndGlobal
